// !$*UTF8*$!
{
	archiveVersion = 1;
	classes = {
	};
	objectVersion = 77;
	objects = {

/* Begin PBXBuildFile section */
		88B34B3B2EBDBF5D00E6738A /* KakaoSDK in Frameworks */ = {isa = PBXBuildFile; productRef = 88B34B3A2EBDBF5D00E6738A /* KakaoSDK */; };
		88B34B3D2EBDBF5D00E6738A /* KakaoSDKAuth in Frameworks */ = {isa = PBXBuildFile; productRef = 88B34B3C2EBDBF5D00E6738A /* KakaoSDKAuth */; };
		88B34B3F2EBDBF5D00E6738A /* KakaoSDKCommon in Frameworks */ = {isa = PBXBuildFile; productRef = 88B34B3E2EBDBF5D00E6738A /* KakaoSDKCommon */; };
		88D05A312EF2C48E000A03BA /* CombineMoya in Frameworks */ = {isa = PBXBuildFile; productRef = 88D05A302EF2C48E000A03BA /* CombineMoya */; };
		88ECFBE22EC3BF5D00E80317 /* Moya in Frameworks */ = {isa = PBXBuildFile; productRef = 88ECFBE12EC3BF5D00E80317 /* Moya */; };
		88ECFBF22EC44E9400E80317 /* Kingfisher in Frameworks */ = {isa = PBXBuildFile; productRef = 88ECFBF12EC44E9400E80317 /* Kingfisher */; };
/* End PBXBuildFile section */

/* Begin PBXFileReference section */
		88FB9E462E79C87E00DC1634 /* MEGABOX.app */ = {isa = PBXFileReference; explicitFileType = wrapper.application; includeInIndex = 0; path = MEGABOX.app; sourceTree = BUILT_PRODUCTS_DIR; };
/* End PBXFileReference section */

<<<<<<< Updated upstream
/* Begin PBXFileSystemSynchronizedBuildFileExceptionSet section */
		88FBA21C2E79E1C800DC1634 /* Exceptions for "MEGABOX" folder in "MEGABOX" target */ = {
			isa = PBXFileSystemSynchronizedBuildFileExceptionSet;
			membershipExceptions = (
				Info.plist,
			);
			target = 88FB9E452E79C87E00DC1634 /* MEGABOX */;
		};
/* End PBXFileSystemSynchronizedBuildFileExceptionSet section */

/* Begin PBXFileSystemSynchronizedRootGroup section */
		88FB9E482E79C87E00DC1634 /* MEGABOX */ = {
			isa = PBXFileSystemSynchronizedRootGroup;
			exceptions = (
				88FBA21C2E79E1C800DC1634 /* Exceptions for "MEGABOX" folder in "MEGABOX" target */,
			);
=======
/* Begin PBXFileSystemSynchronizedRootGroup section */
		88FB9E482E79C87E00DC1634 /* MEGABOX */ = {
			isa = PBXFileSystemSynchronizedRootGroup;
>>>>>>> Stashed changes
			path = MEGABOX;
			sourceTree = "<group>";
		};
/* End PBXFileSystemSynchronizedRootGroup section */

/* Begin PBXFrameworksBuildPhase section */
		88FB9E432E79C87E00DC1634 /* Frameworks */ = {
			isa = PBXFrameworksBuildPhase;
			buildActionMask = 2147483647;
			files = (
				88B34B3B2EBDBF5D00E6738A /* KakaoSDK in Frameworks */,
				88B34B3F2EBDBF5D00E6738A /* KakaoSDKCommon in Frameworks */,
				88D05A312EF2C48E000A03BA /* CombineMoya in Frameworks */,
				88ECFBE22EC3BF5D00E80317 /* Moya in Frameworks */,
				88B34B3D2EBDBF5D00E6738A /* KakaoSDKAuth in Frameworks */,
				88ECFBF22EC44E9400E80317 /* Kingfisher in Frameworks */,
			);
			runOnlyForDeploymentPostprocessing = 0;
		};
/* End PBXFrameworksBuildPhase section */

/* Begin PBXGroup section */
		88FB9E3D2E79C87E00DC1634 = {
			isa = PBXGroup;
			children = (
				88FB9E482E79C87E00DC1634 /* MEGABOX */,
				88FB9E472E79C87E00DC1634 /* Products */,
			);
			sourceTree = "<group>";
		};
		88FB9E472E79C87E00DC1634 /* Products */ = {
			isa = PBXGroup;
			children = (
				88FB9E462E79C87E00DC1634 /* MEGABOX.app */,
			);
			name = Products;
			sourceTree = "<group>";
		};
/* End PBXGroup section */

/* Begin PBXNativeTarget section */
		88FB9E452E79C87E00DC1634 /* MEGABOX */ = {
			isa = PBXNativeTarget;
			buildConfigurationList = 88FB9E542E79C88000DC1634 /* Build configuration list for PBXNativeTarget "MEGABOX" */;
			buildPhases = (
				88FB9E422E79C87E00DC1634 /* Sources */,
				88FB9E432E79C87E00DC1634 /* Frameworks */,
				88FB9E442E79C87E00DC1634 /* Resources */,
			);
			buildRules = (
			);
			dependencies = (
			);
			fileSystemSynchronizedGroups = (
				88FB9E482E79C87E00DC1634 /* MEGABOX */,
			);
			name = MEGABOX;
			packageProductDependencies = (
				88B34B3A2EBDBF5D00E6738A /* KakaoSDK */,
				88B34B3C2EBDBF5D00E6738A /* KakaoSDKAuth */,
				88B34B3E2EBDBF5D00E6738A /* KakaoSDKCommon */,
				88ECFBE12EC3BF5D00E80317 /* Moya */,
				88ECFBF12EC44E9400E80317 /* Kingfisher */,
				88D05A302EF2C48E000A03BA /* CombineMoya */,
			);
			productName = MEGABOX;
			productReference = 88FB9E462E79C87E00DC1634 /* MEGABOX.app */;
			productType = "com.apple.product-type.application";
		};
/* End PBXNativeTarget section */

/* Begin PBXProject section */
		88FB9E3E2E79C87E00DC1634 /* Project object */ = {
			isa = PBXProject;
			attributes = {
				BuildIndependentTargetsInParallel = 1;
				LastSwiftUpdateCheck = 1620;
				LastUpgradeCheck = 1620;
				TargetAttributes = {
					88FB9E452E79C87E00DC1634 = {
						CreatedOnToolsVersion = 16.2;
					};
				};
			};
			buildConfigurationList = 88FB9E412E79C87E00DC1634 /* Build configuration list for PBXProject "MEGABOX" */;
			developmentRegion = en;
			hasScannedForEncodings = 0;
			knownRegions = (
				en,
				Base,
			);
			mainGroup = 88FB9E3D2E79C87E00DC1634;
			minimizedProjectReferenceProxies = 1;
			packageReferences = (
				88B34B392EBDBF5D00E6738A /* XCRemoteSwiftPackageReference "kakao-ios-sdk" */,
				88ECFBE02EC3BF5D00E80317 /* XCRemoteSwiftPackageReference "Moya" */,
				88ECFBF02EC44E9400E80317 /* XCRemoteSwiftPackageReference "Kingfisher" */,
			);
			preferredProjectObjectVersion = 77;
			productRefGroup = 88FB9E472E79C87E00DC1634 /* Products */;
			projectDirPath = "";
			projectRoot = "";
			targets = (
				88FB9E452E79C87E00DC1634 /* MEGABOX */,
			);
		};
/* End PBXProject section */

/* Begin PBXResourcesBuildPhase section */
		88FB9E442E79C87E00DC1634 /* Resources */ = {
			isa = PBXResourcesBuildPhase;
			buildActionMask = 2147483647;
			files = (
			);
			runOnlyForDeploymentPostprocessing = 0;
		};
/* End PBXResourcesBuildPhase section */

/* Begin PBXSourcesBuildPhase section */
		88FB9E422E79C87E00DC1634 /* Sources */ = {
			isa = PBXSourcesBuildPhase;
			buildActionMask = 2147483647;
			files = (
			);
			runOnlyForDeploymentPostprocessing = 0;
		};
/* End PBXSourcesBuildPhase section */

/* Begin XCBuildConfiguration section */
		88FB9E522E79C88000DC1634 /* Debug */ = {
			isa = XCBuildConfiguration;
			baseConfigurationReferenceAnchor = 88FB9E482E79C87E00DC1634 /* MEGABOX */;
			baseConfigurationReferenceRelativePath = Secrets.xcconfig;
			buildSettings = {
				ALWAYS_SEARCH_USER_PATHS = NO;
				ASSETCATALOG_COMPILER_GENERATE_SWIFT_ASSET_SYMBOL_EXTENSIONS = YES;
				CLANG_ANALYZER_NONNULL = YES;
				CLANG_ANALYZER_NUMBER_OBJECT_CONVERSION = YES_AGGRESSIVE;
				CLANG_CXX_LANGUAGE_STANDARD = "gnu++20";
				CLANG_ENABLE_MODULES = YES;
				CLANG_ENABLE_OBJC_ARC = YES;
				CLANG_ENABLE_OBJC_WEAK = YES;
				CLANG_WARN_BLOCK_CAPTURE_AUTORELEASING = YES;
				CLANG_WARN_BOOL_CONVERSION = YES;
				CLANG_WARN_COMMA = YES;
				CLANG_WARN_CONSTANT_CONVERSION = YES;
				CLANG_WARN_DEPRECATED_OBJC_IMPLEMENTATIONS = YES;
				CLANG_WARN_DIRECT_OBJC_ISA_USAGE = YES_ERROR;
				CLANG_WARN_DOCUMENTATION_COMMENTS = YES;
				CLANG_WARN_EMPTY_BODY = YES;
				CLANG_WARN_ENUM_CONVERSION = YES;
				CLANG_WARN_INFINITE_RECURSION = YES;
				CLANG_WARN_INT_CONVERSION = YES;
				CLANG_WARN_NON_LITERAL_NULL_CONVERSION = YES;
				CLANG_WARN_OBJC_IMPLICIT_RETAIN_SELF = YES;
				CLANG_WARN_OBJC_LITERAL_CONVERSION = YES;
				CLANG_WARN_OBJC_ROOT_CLASS = YES_ERROR;
				CLANG_WARN_QUOTED_INCLUDE_IN_FRAMEWORK_HEADER = YES;
				CLANG_WARN_RANGE_LOOP_ANALYSIS = YES;
				CLANG_WARN_STRICT_PROTOTYPES = YES;
				CLANG_WARN_SUSPICIOUS_MOVE = YES;
				CLANG_WARN_UNGUARDED_AVAILABILITY = YES_AGGRESSIVE;
				CLANG_WARN_UNREACHABLE_CODE = YES;
				CLANG_WARN__DUPLICATE_METHOD_MATCH = YES;
				COPY_PHASE_STRIP = NO;
				DEBUG_INFORMATION_FORMAT = dwarf;
				ENABLE_STRICT_OBJC_MSGSEND = YES;
				ENABLE_TESTABILITY = YES;
				ENABLE_USER_SCRIPT_SANDBOXING = YES;
				GCC_C_LANGUAGE_STANDARD = gnu17;
				GCC_DYNAMIC_NO_PIC = NO;
				GCC_NO_COMMON_BLOCKS = YES;
				GCC_OPTIMIZATION_LEVEL = 0;
				GCC_PREPROCESSOR_DEFINITIONS = (
					"DEBUG=1",
					"$(inherited)",
				);
				GCC_WARN_64_TO_32_BIT_CONVERSION = YES;
				GCC_WARN_ABOUT_RETURN_TYPE = YES_ERROR;
				GCC_WARN_UNDECLARED_SELECTOR = YES;
				GCC_WARN_UNINITIALIZED_AUTOS = YES_AGGRESSIVE;
				GCC_WARN_UNUSED_FUNCTION = YES;
				GCC_WARN_UNUSED_VARIABLE = YES;
				IPHONEOS_DEPLOYMENT_TARGET = 18.2;
				LOCALIZATION_PREFERS_STRING_CATALOGS = YES;
				MTL_ENABLE_DEBUG_INFO = INCLUDE_SOURCE;
				MTL_FAST_MATH = YES;
				ONLY_ACTIVE_ARCH = YES;
				SDKROOT = iphoneos;
				SWIFT_ACTIVE_COMPILATION_CONDITIONS = "DEBUG $(inherited)";
				SWIFT_OPTIMIZATION_LEVEL = "-Onone";
			};
			name = Debug;
		};
		88FB9E532E79C88000DC1634 /* Release */ = {
			isa = XCBuildConfiguration;
			buildSettings = {
				ALWAYS_SEARCH_USER_PATHS = NO;
				ASSETCATALOG_COMPILER_GENERATE_SWIFT_ASSET_SYMBOL_EXTENSIONS = YES;
				CLANG_ANALYZER_NONNULL = YES;
				CLANG_ANALYZER_NUMBER_OBJECT_CONVERSION = YES_AGGRESSIVE;
				CLANG_CXX_LANGUAGE_STANDARD = "gnu++20";
				CLANG_ENABLE_MODULES = YES;
				CLANG_ENABLE_OBJC_ARC = YES;
				CLANG_ENABLE_OBJC_WEAK = YES;
				CLANG_WARN_BLOCK_CAPTURE_AUTORELEASING = YES;
				CLANG_WARN_BOOL_CONVERSION = YES;
				CLANG_WARN_COMMA = YES;
				CLANG_WARN_CONSTANT_CONVERSION = YES;
				CLANG_WARN_DEPRECATED_OBJC_IMPLEMENTATIONS = YES;
				CLANG_WARN_DIRECT_OBJC_ISA_USAGE = YES_ERROR;
				CLANG_WARN_DOCUMENTATION_COMMENTS = YES;
				CLANG_WARN_EMPTY_BODY = YES;
				CLANG_WARN_ENUM_CONVERSION = YES;
				CLANG_WARN_INFINITE_RECURSION = YES;
				CLANG_WARN_INT_CONVERSION = YES;
				CLANG_WARN_NON_LITERAL_NULL_CONVERSION = YES;
				CLANG_WARN_OBJC_IMPLICIT_RETAIN_SELF = YES;
				CLANG_WARN_OBJC_LITERAL_CONVERSION = YES;
				CLANG_WARN_OBJC_ROOT_CLASS = YES_ERROR;
				CLANG_WARN_QUOTED_INCLUDE_IN_FRAMEWORK_HEADER = YES;
				CLANG_WARN_RANGE_LOOP_ANALYSIS = YES;
				CLANG_WARN_STRICT_PROTOTYPES = YES;
				CLANG_WARN_SUSPICIOUS_MOVE = YES;
				CLANG_WARN_UNGUARDED_AVAILABILITY = YES_AGGRESSIVE;
				CLANG_WARN_UNREACHABLE_CODE = YES;
				CLANG_WARN__DUPLICATE_METHOD_MATCH = YES;
				COPY_PHASE_STRIP = NO;
				DEBUG_INFORMATION_FORMAT = "dwarf-with-dsym";
				ENABLE_NS_ASSERTIONS = NO;
				ENABLE_STRICT_OBJC_MSGSEND = YES;
				ENABLE_USER_SCRIPT_SANDBOXING = YES;
				GCC_C_LANGUAGE_STANDARD = gnu17;
				GCC_NO_COMMON_BLOCKS = YES;
				GCC_WARN_64_TO_32_BIT_CONVERSION = YES;
				GCC_WARN_ABOUT_RETURN_TYPE = YES_ERROR;
				GCC_WARN_UNDECLARED_SELECTOR = YES;
				GCC_WARN_UNINITIALIZED_AUTOS = YES_AGGRESSIVE;
				GCC_WARN_UNUSED_FUNCTION = YES;
				GCC_WARN_UNUSED_VARIABLE = YES;
				IPHONEOS_DEPLOYMENT_TARGET = 18.2;
				LOCALIZATION_PREFERS_STRING_CATALOGS = YES;
				MTL_ENABLE_DEBUG_INFO = NO;
				MTL_FAST_MATH = YES;
				SDKROOT = iphoneos;
				SWIFT_COMPILATION_MODE = wholemodule;
				VALIDATE_PRODUCT = YES;
			};
			name = Release;
		};
		88FB9E552E79C88000DC1634 /* Debug */ = {
			isa = XCBuildConfiguration;
			baseConfigurationReferenceAnchor = 88FB9E482E79C87E00DC1634 /* MEGABOX */;
			baseConfigurationReferenceRelativePath = Secrets.xcconfig;
			buildSettings = {
				ASSETCATALOG_COMPILER_APPICON_NAME = AppIcon;
				ASSETCATALOG_COMPILER_GLOBAL_ACCENT_COLOR_NAME = AccentColor;
				CODE_SIGN_STYLE = Automatic;
				CURRENT_PROJECT_VERSION = 1;
				DEVELOPMENT_ASSET_PATHS = "\"MEGABOX/Preview Content\"";
				DEVELOPMENT_TEAM = 4FHBGGZU96;
				ENABLE_PREVIEWS = YES;
				GENERATE_INFOPLIST_FILE = YES;
				INFOPLIST_FILE = MEGABOX/Info.plist;
				INFOPLIST_KEY_UIApplicationSceneManifest_Generation = YES;
				INFOPLIST_KEY_UIApplicationSupportsIndirectInputEvents = YES;
				INFOPLIST_KEY_UILaunchScreen_Generation = YES;
				INFOPLIST_KEY_UISupportedInterfaceOrientations_iPad = "UIInterfaceOrientationPortrait UIInterfaceOrientationPortraitUpsideDown UIInterfaceOrientationLandscapeLeft UIInterfaceOrientationLandscapeRight";
				INFOPLIST_KEY_UISupportedInterfaceOrientations_iPhone = "UIInterfaceOrientationPortrait UIInterfaceOrientationLandscapeLeft UIInterfaceOrientationLandscapeRight";
				LD_RUNPATH_SEARCH_PATHS = (
					"$(inherited)",
					"@executable_path/Frameworks",
				);
				MARKETING_VERSION = 1.0;
				PRODUCT_BUNDLE_IDENTIFIER = com.junghwan.MEGABOX;
				PRODUCT_NAME = "$(TARGET_NAME)";
				SWIFT_EMIT_LOC_STRINGS = YES;
				SWIFT_VERSION = 5.0;
				TARGETED_DEVICE_FAMILY = "1,2";
			};
			name = Debug;
		};
		88FB9E562E79C88000DC1634 /* Release */ = {
			isa = XCBuildConfiguration;
			buildSettings = {
				ASSETCATALOG_COMPILER_APPICON_NAME = AppIcon;
				ASSETCATALOG_COMPILER_GLOBAL_ACCENT_COLOR_NAME = AccentColor;
				CODE_SIGN_STYLE = Automatic;
				CURRENT_PROJECT_VERSION = 1;
				DEVELOPMENT_ASSET_PATHS = "\"MEGABOX/Preview Content\"";
				DEVELOPMENT_TEAM = 4FHBGGZU96;
				ENABLE_PREVIEWS = YES;
				GENERATE_INFOPLIST_FILE = YES;
				INFOPLIST_FILE = MEGABOX/Info.plist;
				INFOPLIST_KEY_UIApplicationSceneManifest_Generation = YES;
				INFOPLIST_KEY_UIApplicationSupportsIndirectInputEvents = YES;
				INFOPLIST_KEY_UILaunchScreen_Generation = YES;
				INFOPLIST_KEY_UISupportedInterfaceOrientations_iPad = "UIInterfaceOrientationPortrait UIInterfaceOrientationPortraitUpsideDown UIInterfaceOrientationLandscapeLeft UIInterfaceOrientationLandscapeRight";
				INFOPLIST_KEY_UISupportedInterfaceOrientations_iPhone = "UIInterfaceOrientationPortrait UIInterfaceOrientationLandscapeLeft UIInterfaceOrientationLandscapeRight";
				LD_RUNPATH_SEARCH_PATHS = (
					"$(inherited)",
					"@executable_path/Frameworks",
				);
				MARKETING_VERSION = 1.0;
				PRODUCT_BUNDLE_IDENTIFIER = com.junghwan.MEGABOX;
				PRODUCT_NAME = "$(TARGET_NAME)";
				SWIFT_EMIT_LOC_STRINGS = YES;
				SWIFT_VERSION = 5.0;
				TARGETED_DEVICE_FAMILY = "1,2";
			};
			name = Release;
		};
/* End XCBuildConfiguration section */

/* Begin XCConfigurationList section */
		88FB9E412E79C87E00DC1634 /* Build configuration list for PBXProject "MEGABOX" */ = {
			isa = XCConfigurationList;
			buildConfigurations = (
				88FB9E522E79C88000DC1634 /* Debug */,
				88FB9E532E79C88000DC1634 /* Release */,
			);
			defaultConfigurationIsVisible = 0;
			defaultConfigurationName = Release;
		};
		88FB9E542E79C88000DC1634 /* Build configuration list for PBXNativeTarget "MEGABOX" */ = {
			isa = XCConfigurationList;
			buildConfigurations = (
				88FB9E552E79C88000DC1634 /* Debug */,
				88FB9E562E79C88000DC1634 /* Release */,
			);
			defaultConfigurationIsVisible = 0;
			defaultConfigurationName = Release;
		};
/* End XCConfigurationList section */

/* Begin XCRemoteSwiftPackageReference section */
		88B34B392EBDBF5D00E6738A /* XCRemoteSwiftPackageReference "kakao-ios-sdk" */ = {
			isa = XCRemoteSwiftPackageReference;
			repositoryURL = "https://github.com/kakao/kakao-ios-sdk";
			requirement = {
				kind = upToNextMajorVersion;
				minimumVersion = 2.25.0;
			};
		};
		88ECFBE02EC3BF5D00E80317 /* XCRemoteSwiftPackageReference "Moya" */ = {
			isa = XCRemoteSwiftPackageReference;
			repositoryURL = "https://github.com/Moya/Moya";
			requirement = {
				kind = upToNextMajorVersion;
				minimumVersion = 15.0.3;
			};
		};
		88ECFBF02EC44E9400E80317 /* XCRemoteSwiftPackageReference "Kingfisher" */ = {
			isa = XCRemoteSwiftPackageReference;
			repositoryURL = "https://github.com/onevcat/Kingfisher";
			requirement = {
				kind = upToNextMajorVersion;
				minimumVersion = 8.6.1;
			};
		};
/* End XCRemoteSwiftPackageReference section */

/* Begin XCSwiftPackageProductDependency section */
		88B34B3A2EBDBF5D00E6738A /* KakaoSDK */ = {
			isa = XCSwiftPackageProductDependency;
			package = 88B34B392EBDBF5D00E6738A /* XCRemoteSwiftPackageReference "kakao-ios-sdk" */;
			productName = KakaoSDK;
		};
		88B34B3C2EBDBF5D00E6738A /* KakaoSDKAuth */ = {
			isa = XCSwiftPackageProductDependency;
			package = 88B34B392EBDBF5D00E6738A /* XCRemoteSwiftPackageReference "kakao-ios-sdk" */;
			productName = KakaoSDKAuth;
		};
		88B34B3E2EBDBF5D00E6738A /* KakaoSDKCommon */ = {
			isa = XCSwiftPackageProductDependency;
			package = 88B34B392EBDBF5D00E6738A /* XCRemoteSwiftPackageReference "kakao-ios-sdk" */;
			productName = KakaoSDKCommon;
		};
		88D05A302EF2C48E000A03BA /* CombineMoya */ = {
			isa = XCSwiftPackageProductDependency;
			package = 88ECFBE02EC3BF5D00E80317 /* XCRemoteSwiftPackageReference "Moya" */;
			productName = CombineMoya;
		};
		88ECFBE12EC3BF5D00E80317 /* Moya */ = {
			isa = XCSwiftPackageProductDependency;
			package = 88ECFBE02EC3BF5D00E80317 /* XCRemoteSwiftPackageReference "Moya" */;
			productName = Moya;
		};
		88ECFBF12EC44E9400E80317 /* Kingfisher */ = {
			isa = XCSwiftPackageProductDependency;
			package = 88ECFBF02EC44E9400E80317 /* XCRemoteSwiftPackageReference "Kingfisher" */;
			productName = Kingfisher;
		};
/* End XCSwiftPackageProductDependency section */
	};
	rootObject = 88FB9E3E2E79C87E00DC1634 /* Project object */;
}
